
Microsoft Visual Studio Solution File, Format Version 12.00
# Visual Studio 15
VisualStudioVersion = 15.0.28307.489
MinimumVisualStudioVersion = 10.0.40219.1
Project("{FAE04EC0-301F-11D3-BF4B-00C04F79EFBC}") = "BaseCode.API", "BaseCode.API\BaseCode.API.csproj", "{289CF9B2-36DD-40D1-B629-550FC8C0DEA9}"
EndProject
Project("{FAE04EC0-301F-11D3-BF4B-00C04F79EFBC}") = "BaseCode.Domain", "BaseCode.Domain\BaseCode.Domain.csproj", "{08EC2385-A9A7-4188-A74C-D3C83DE9CCA3}"
EndProject
Project("{FAE04EC0-301F-11D3-BF4B-00C04F79EFBC}") = "BaseCode.Data", "BaseCode.Data\BaseCode.Data.csproj", "{0C6A9663-B1ED-4587-B3DA-992FEBFF17CB}"
EndProject
Global
	GlobalSection(SolutionConfigurationPlatforms) = preSolution
		Debug|Any CPU = Debug|Any CPU
		Release|Any CPU = Release|Any CPU
	EndGlobalSection
	GlobalSection(ProjectConfigurationPlatforms) = postSolution
		{289CF9B2-36DD-40D1-B629-550FC8C0DEA9}.Debug|Any CPU.ActiveCfg = Debug|Any CPU
		{289CF9B2-36DD-40D1-B629-550FC8C0DEA9}.Debug|Any CPU.Build.0 = Debug|Any CPU
		{289CF9B2-36DD-40D1-B629-550FC8C0DEA9}.Release|Any CPU.ActiveCfg = Release|Any CPU
		{289CF9B2-36DD-40D1-B629-550FC8C0DEA9}.Release|Any CPU.Build.0 = Release|Any CPU
		{08EC2385-A9A7-4188-A74C-D3C83DE9CCA3}.Debug|Any CPU.ActiveCfg = Debug|Any CPU
		{08EC2385-A9A7-4188-A74C-D3C83DE9CCA3}.Debug|Any CPU.Build.0 = Debug|Any CPU
		{08EC2385-A9A7-4188-A74C-D3C83DE9CCA3}.Release|Any CPU.ActiveCfg = Release|Any CPU
		{08EC2385-A9A7-4188-A74C-D3C83DE9CCA3}.Release|Any CPU.Build.0 = Release|Any CPU
		{0C6A9663-B1ED-4587-B3DA-992FEBFF17CB}.Debug|Any CPU.ActiveCfg = Debug|Any CPU
		{0C6A9663-B1ED-4587-B3DA-992FEBFF17CB}.Debug|Any CPU.Build.0 = Debug|Any CPU
		{0C6A9663-B1ED-4587-B3DA-992FEBFF17CB}.Release|Any CPU.ActiveCfg = Release|Any CPU
		{0C6A9663-B1ED-4587-B3DA-992FEBFF17CB}.Release|Any CPU.Build.0 = Release|Any CPU
	EndGlobalSection
	GlobalSection(SolutionProperties) = preSolution
		HideSolutionNode = FALSE
	EndGlobalSection
	GlobalSection(ExtensibilityGlobals) = postSolution
		SolutionGuid = {9434BC0D-31A8-4D29-A4CF-F9B12798A5DA}
	EndGlobalSection
EndGlobal
